
Microsoft Visual Studio Solution File, Format Version 12.00
# Visual Studio 15
VisualStudioVersion = 15.0.26124.0
MinimumVisualStudioVersion = 15.0.26124.0
Project("{FAE04EC0-301F-11D3-BF4B-00C04F79EFBC}") = "Datos", "Datos\Datos.csproj", "{303C3A60-9EC6-4BF6-A2D6-6AE8CD515616}"
EndProject
Project("{FAE04EC0-301F-11D3-BF4B-00C04F79EFBC}") = "Logica", "Logica\Logica.csproj", "{3FA9AEB3-CF5C-4D7A-92D7-DCF34DD27781}"
EndProject
Project("{FAE04EC0-301F-11D3-BF4B-00C04F79EFBC}") = "Entity", "Entity\Entity.csproj", "{7DBD37D9-62FC-4601-9E3B-E3AE23B92455}"
EndProject
Project("{FAE04EC0-301F-11D3-BF4B-00C04F79EFBC}") = "Prs", "Prs\Prs.csproj", "{44FD93A5-B902-4F20-A26B-D7776AF4F828}"
EndProject
Global
	GlobalSection(SolutionConfigurationPlatforms) = preSolution
		Debug|Any CPU = Debug|Any CPU
		Debug|x64 = Debug|x64
		Debug|x86 = Debug|x86
		Release|Any CPU = Release|Any CPU
		Release|x64 = Release|x64
		Release|x86 = Release|x86
	EndGlobalSection
	GlobalSection(SolutionProperties) = preSolution
		HideSolutionNode = FALSE
	EndGlobalSection
	GlobalSection(ProjectConfigurationPlatforms) = postSolution
		{303C3A60-9EC6-4BF6-A2D6-6AE8CD515616}.Debug|Any CPU.ActiveCfg = Debug|Any CPU
		{303C3A60-9EC6-4BF6-A2D6-6AE8CD515616}.Debug|Any CPU.Build.0 = Debug|Any CPU
		{303C3A60-9EC6-4BF6-A2D6-6AE8CD515616}.Debug|x64.ActiveCfg = Debug|Any CPU
		{303C3A60-9EC6-4BF6-A2D6-6AE8CD515616}.Debug|x64.Build.0 = Debug|Any CPU
		{303C3A60-9EC6-4BF6-A2D6-6AE8CD515616}.Debug|x86.ActiveCfg = Debug|Any CPU
		{303C3A60-9EC6-4BF6-A2D6-6AE8CD515616}.Debug|x86.Build.0 = Debug|Any CPU
		{303C3A60-9EC6-4BF6-A2D6-6AE8CD515616}.Release|Any CPU.ActiveCfg = Release|Any CPU
		{303C3A60-9EC6-4BF6-A2D6-6AE8CD515616}.Release|Any CPU.Build.0 = Release|Any CPU
		{303C3A60-9EC6-4BF6-A2D6-6AE8CD515616}.Release|x64.ActiveCfg = Release|Any CPU
		{303C3A60-9EC6-4BF6-A2D6-6AE8CD515616}.Release|x64.Build.0 = Release|Any CPU
		{303C3A60-9EC6-4BF6-A2D6-6AE8CD515616}.Release|x86.ActiveCfg = Release|Any CPU
		{303C3A60-9EC6-4BF6-A2D6-6AE8CD515616}.Release|x86.Build.0 = Release|Any CPU
		{3FA9AEB3-CF5C-4D7A-92D7-DCF34DD27781}.Debug|Any CPU.ActiveCfg = Debug|Any CPU
		{3FA9AEB3-CF5C-4D7A-92D7-DCF34DD27781}.Debug|Any CPU.Build.0 = Debug|Any CPU
		{3FA9AEB3-CF5C-4D7A-92D7-DCF34DD27781}.Debug|x64.ActiveCfg = Debug|Any CPU
		{3FA9AEB3-CF5C-4D7A-92D7-DCF34DD27781}.Debug|x64.Build.0 = Debug|Any CPU
		{3FA9AEB3-CF5C-4D7A-92D7-DCF34DD27781}.Debug|x86.ActiveCfg = Debug|Any CPU
		{3FA9AEB3-CF5C-4D7A-92D7-DCF34DD27781}.Debug|x86.Build.0 = Debug|Any CPU
		{3FA9AEB3-CF5C-4D7A-92D7-DCF34DD27781}.Release|Any CPU.ActiveCfg = Release|Any CPU
		{3FA9AEB3-CF5C-4D7A-92D7-DCF34DD27781}.Release|Any CPU.Build.0 = Release|Any CPU
		{3FA9AEB3-CF5C-4D7A-92D7-DCF34DD27781}.Release|x64.ActiveCfg = Release|Any CPU
		{3FA9AEB3-CF5C-4D7A-92D7-DCF34DD27781}.Release|x64.Build.0 = Release|Any CPU
		{3FA9AEB3-CF5C-4D7A-92D7-DCF34DD27781}.Release|x86.ActiveCfg = Release|Any CPU
		{3FA9AEB3-CF5C-4D7A-92D7-DCF34DD27781}.Release|x86.Build.0 = Release|Any CPU
		{7DBD37D9-62FC-4601-9E3B-E3AE23B92455}.Debug|Any CPU.ActiveCfg = Debug|Any CPU
		{7DBD37D9-62FC-4601-9E3B-E3AE23B92455}.Debug|Any CPU.Build.0 = Debug|Any CPU
		{7DBD37D9-62FC-4601-9E3B-E3AE23B92455}.Debug|x64.ActiveCfg = Debug|Any CPU
		{7DBD37D9-62FC-4601-9E3B-E3AE23B92455}.Debug|x64.Build.0 = Debug|Any CPU
		{7DBD37D9-62FC-4601-9E3B-E3AE23B92455}.Debug|x86.ActiveCfg = Debug|Any CPU
		{7DBD37D9-62FC-4601-9E3B-E3AE23B92455}.Debug|x86.Build.0 = Debug|Any CPU
		{7DBD37D9-62FC-4601-9E3B-E3AE23B92455}.Release|Any CPU.ActiveCfg = Release|Any CPU
		{7DBD37D9-62FC-4601-9E3B-E3AE23B92455}.Release|Any CPU.Build.0 = Release|Any CPU
		{7DBD37D9-62FC-4601-9E3B-E3AE23B92455}.Release|x64.ActiveCfg = Release|Any CPU
		{7DBD37D9-62FC-4601-9E3B-E3AE23B92455}.Release|x64.Build.0 = Release|Any CPU
		{7DBD37D9-62FC-4601-9E3B-E3AE23B92455}.Release|x86.ActiveCfg = Release|Any CPU
		{7DBD37D9-62FC-4601-9E3B-E3AE23B92455}.Release|x86.Build.0 = Release|Any CPU
		{44FD93A5-B902-4F20-A26B-D7776AF4F828}.Debug|Any CPU.ActiveCfg = Debug|Any CPU
		{44FD93A5-B902-4F20-A26B-D7776AF4F828}.Debug|Any CPU.Build.0 = Debug|Any CPU
		{44FD93A5-B902-4F20-A26B-D7776AF4F828}.Debug|x64.ActiveCfg = Debug|Any CPU
		{44FD93A5-B902-4F20-A26B-D7776AF4F828}.Debug|x64.Build.0 = Debug|Any CPU
		{44FD93A5-B902-4F20-A26B-D7776AF4F828}.Debug|x86.ActiveCfg = Debug|Any CPU
		{44FD93A5-B902-4F20-A26B-D7776AF4F828}.Debug|x86.Build.0 = Debug|Any CPU
		{44FD93A5-B902-4F20-A26B-D7776AF4F828}.Release|Any CPU.ActiveCfg = Release|Any CPU
		{44FD93A5-B902-4F20-A26B-D7776AF4F828}.Release|Any CPU.Build.0 = Release|Any CPU
		{44FD93A5-B902-4F20-A26B-D7776AF4F828}.Release|x64.ActiveCfg = Release|Any CPU
		{44FD93A5-B902-4F20-A26B-D7776AF4F828}.Release|x64.Build.0 = Release|Any CPU
		{44FD93A5-B902-4F20-A26B-D7776AF4F828}.Release|x86.ActiveCfg = Release|Any CPU
		{44FD93A5-B902-4F20-A26B-D7776AF4F828}.Release|x86.Build.0 = Release|Any CPU
	EndGlobalSection
EndGlobal
